
Microsoft Visual Studio Solution File, Format Version 12.00
# Visual Studio 15
VisualStudioVersion = 15.0.28307.572
MinimumVisualStudioVersion = 10.0.40219.1
Project("{8BC9CEB8-8B4A-11D0-8D11-00A0C91BC942}") = "LearnDirectX", "LearnDirectX\LearnDirectX.vcxproj", "{0838507C-0F2D-4791-823E-9632AB0EEA51}"
EndProject
Project("{2150E333-8FDC-42A3-9474-1A3956D46DE8}") = "Solution Items", "Solution Items", "{E3AD4880-CE36-4712-9EF3-87A04D637C3D}"
	ProjectSection(SolutionItems) = preProject
		.gitignore = .gitignore
		LearnNote.md = LearnNote.md
		README.md = README.md
	EndProjectSection
EndProject
Global
	GlobalSection(SolutionConfigurationPlatforms) = preSolution
		Debug|x64 = Debug|x64
		Debug|x86 = Debug|x86
		Release|x64 = Release|x64
		Release|x86 = Release|x86
	EndGlobalSection
	GlobalSection(ProjectConfigurationPlatforms) = postSolution
		{0838507C-0F2D-4791-823E-9632AB0EEA51}.Debug|x64.ActiveCfg = Debug|x64
		{0838507C-0F2D-4791-823E-9632AB0EEA51}.Debug|x64.Build.0 = Debug|x64
		{0838507C-0F2D-4791-823E-9632AB0EEA51}.Debug|x86.ActiveCfg = Debug|Win32
		{0838507C-0F2D-4791-823E-9632AB0EEA51}.Debug|x86.Build.0 = Debug|Win32
		{0838507C-0F2D-4791-823E-9632AB0EEA51}.Release|x64.ActiveCfg = Release|x64
		{0838507C-0F2D-4791-823E-9632AB0EEA51}.Release|x64.Build.0 = Release|x64
		{0838507C-0F2D-4791-823E-9632AB0EEA51}.Release|x86.ActiveCfg = Release|Win32
		{0838507C-0F2D-4791-823E-9632AB0EEA51}.Release|x86.Build.0 = Release|Win32
	EndGlobalSection
	GlobalSection(SolutionProperties) = preSolution
		HideSolutionNode = FALSE
	EndGlobalSection
	GlobalSection(ExtensibilityGlobals) = postSolution
		SolutionGuid = {8C7F25B1-F998-48D8-B870-CBC5A403B4D6}
	EndGlobalSection
EndGlobal
