<?xml version="1.0" encoding="utf-8"?>
<Project ToolsVersion="4.0" xmlns="http://schemas.microsoft.com/developer/msbuild/2003">
  <ItemGroup>
    <Filter Include="Source Files">
      <UniqueIdentifier>{4FC737F1-C7A5-4376-A066-2A32D752A2FF}</UniqueIdentifier>
      <Extensions>cpp;c;cc;cxx;def;odl;idl;hpj;bat;asm;asmx</Extensions>
    </Filter>
    <Filter Include="Header Files">
      <UniqueIdentifier>{93995380-89BD-4b04-88EB-625FBE52EBFB}</UniqueIdentifier>
      <Extensions>h;hh;hpp;hxx;hm;inl;inc;ipp;xsd</Extensions>
    </Filter>
    <Filter Include="Resource Files">
      <UniqueIdentifier>{67DA6AB6-F800-4c08-8B7A-83BB121AAD01}</UniqueIdentifier>
      <Extensions>rc;ico;cur;bmp;dlg;rc2;rct;bin;rgs;gif;jpg;jpeg;jpe;resx;tiff;tif;png;wav;mfcribbon-ms</Extensions>
    </Filter>
    <Filter Include="Source Files\Chapter6">
      <UniqueIdentifier>{f5464723-521f-4633-8d29-d6073d610e91}</UniqueIdentifier>
    </Filter>
    <Filter Include="Header Files\Framework">
      <UniqueIdentifier>{3641f41b-5aa4-4a23-ba1d-f6339d38770a}</UniqueIdentifier>
    </Filter>
    <Filter Include="Source Files\Framework">
      <UniqueIdentifier>{dfcc7267-57cc-4110-9a27-db15f41615e6}</UniqueIdentifier>
    </Filter>
    <Filter Include="Header Files\Chapter7">
      <UniqueIdentifier>{13fd0852-20e7-4936-b09b-2b031efc6449}</UniqueIdentifier>
    </Filter>
    <Filter Include="Source Files\Chapter7">
      <UniqueIdentifier>{315919fa-bf83-4a1e-b0a3-2cefcfc77b26}</UniqueIdentifier>
    </Filter>
    <Filter Include="Shaders">
      <UniqueIdentifier>{8e07fddc-2179-48c2-a4cd-638c52edfb61}</UniqueIdentifier>
    </Filter>
    <Filter Include="Shaders\Chapter6">
      <UniqueIdentifier>{54fe2eac-31b7-428c-9cb7-2ac4028583d0}</UniqueIdentifier>
    </Filter>
    <Filter Include="Shaders\Chapter7">
      <UniqueIdentifier>{ca4e38ab-3601-464f-85de-1c65aa277309}</UniqueIdentifier>
    </Filter>
  </ItemGroup>
  <ItemGroup>
    <ClCompile Include="LearnDirectX.cpp">
      <Filter>Source Files</Filter>
    </ClCompile>
    <ClCompile Include="BoxApp.cpp">
      <Filter>Source Files\Chapter6</Filter>
    </ClCompile>
    <ClCompile Include="d3dApp.cpp">
      <Filter>Source Files\Framework</Filter>
    </ClCompile>
    <ClCompile Include="d3dUtil.cpp">
      <Filter>Source Files\Framework</Filter>
    </ClCompile>
    <ClCompile Include="DDSTextureLoader.cpp">
      <Filter>Source Files\Framework</Filter>
    </ClCompile>
    <ClCompile Include="GameTimer.cpp">
      <Filter>Source Files\Framework</Filter>
    </ClCompile>
    <ClCompile Include="GeometryGenerator.cpp">
      <Filter>Source Files\Framework</Filter>
    </ClCompile>
    <ClCompile Include="MathHelper.cpp">
      <Filter>Source Files\Framework</Filter>
    </ClCompile>
    <ClCompile Include="FrameResource.cpp">
      <Filter>Source Files\Chapter7</Filter>
    </ClCompile>
    <ClCompile Include="ShapesApp.cpp">
      <Filter>Source Files\Chapter7</Filter>
    </ClCompile>
  </ItemGroup>
  <ItemGroup>
    <ClInclude Include="d3dApp.h">
      <Filter>Header Files\Framework</Filter>
    </ClInclude>
    <ClInclude Include="d3dUtil.h">
      <Filter>Header Files\Framework</Filter>
    </ClInclude>
    <ClInclude Include="d3dx12.h">
      <Filter>Header Files\Framework</Filter>
    </ClInclude>
    <ClInclude Include="DDSTextureLoader.h">
      <Filter>Header Files\Framework</Filter>
    </ClInclude>
    <ClInclude Include="GameTimer.h">
      <Filter>Header Files\Framework</Filter>
    </ClInclude>
    <ClInclude Include="GeometryGenerator.h">
      <Filter>Header Files\Framework</Filter>
    </ClInclude>
    <ClInclude Include="MathHelper.h">
      <Filter>Header Files\Framework</Filter>
    </ClInclude>
    <ClInclude Include="UploadBuffer.h">
      <Filter>Header Files\Framework</Filter>
    </ClInclude>
    <ClInclude Include="FrameResource.h">
      <Filter>Header Files\Chapter7</Filter>
    </ClInclude>
  </ItemGroup>
  <ItemGroup>
    <None Include="Shaders\Chapter6\color.hlsl">
      <Filter>Shaders\Chapter6</Filter>
    </None>
    <None Include="Shaders\Chapter7\color.hlsl">
      <Filter>Shaders\Chapter7</Filter>
    </None>
  </ItemGroup>
</Project>