<?xml version="1.0" encoding="utf-8"?>
<Project ToolsVersion="4.0" xmlns="http://schemas.microsoft.com/developer/msbuild/2003">
  <ItemGroup>
    <Filter Include="Shaders">
      <UniqueIdentifier>{8e07fddc-2179-48c2-a4cd-638c52edfb61}</UniqueIdentifier>
    </Filter>
    <Filter Include="Shaders\Chapter6">
      <UniqueIdentifier>{54fe2eac-31b7-428c-9cb7-2ac4028583d0}</UniqueIdentifier>
    </Filter>
    <Filter Include="Shaders\Chapter7">
      <UniqueIdentifier>{ca4e38ab-3601-464f-85de-1c65aa277309}</UniqueIdentifier>
    </Filter>
    <Filter Include="Notes">
      <UniqueIdentifier>{48900a57-9977-449b-83e8-fb1771d7a85c}</UniqueIdentifier>
    </Filter>
    <Filter Include="Public">
      <UniqueIdentifier>{f02cc2f2-4eca-44c6-947d-a59080a3aeb2}</UniqueIdentifier>
    </Filter>
    <Filter Include="Private">
      <UniqueIdentifier>{bdfb52f7-f4f7-48e6-ba52-f9e877ac6112}</UniqueIdentifier>
    </Filter>
    <Filter Include="Private\Chapter6">
      <UniqueIdentifier>{7e3de0ae-9be6-4bd4-a157-5e271abf248c}</UniqueIdentifier>
    </Filter>
    <Filter Include="Private\Chapter7">
      <UniqueIdentifier>{d1585679-a603-45ed-812d-0c318bc0457b}</UniqueIdentifier>
    </Filter>
    <Filter Include="Private\Framework">
      <UniqueIdentifier>{dc9c1a87-0075-4726-9b2f-fe33a0bb4304}</UniqueIdentifier>
    </Filter>
    <Filter Include="Public\Chapter7">
      <UniqueIdentifier>{a8e5adf9-f154-4876-bf25-06f5773c556c}</UniqueIdentifier>
    </Filter>
    <Filter Include="Public\Framework">
      <UniqueIdentifier>{8360bb8b-de90-490a-a96a-a6a064e9a65c}</UniqueIdentifier>
    </Filter>
    <Filter Include="Public\Chapter6">
      <UniqueIdentifier>{c91a67fb-3677-4183-9f52-d0b665ee462d}</UniqueIdentifier>
    </Filter>
  </ItemGroup>
  <ItemGroup>
    <ClCompile Include="Private\BoxApp.cpp">
      <Filter>Private\Chapter6</Filter>
    </ClCompile>
    <ClCompile Include="Private\FrameResource.cpp">
      <Filter>Private\Chapter7</Filter>
    </ClCompile>
    <ClCompile Include="Private\ShapesApp.cpp">
      <Filter>Private\Chapter7</Filter>
    </ClCompile>
    <ClCompile Include="Private\d3dApp.cpp">
      <Filter>Private\Framework</Filter>
    </ClCompile>
    <ClCompile Include="Private\d3dUtil.cpp">
      <Filter>Private\Framework</Filter>
    </ClCompile>
    <ClCompile Include="Private\DDSTextureLoader.cpp">
      <Filter>Private\Framework</Filter>
    </ClCompile>
    <ClCompile Include="Private\GameTimer.cpp">
      <Filter>Private\Framework</Filter>
    </ClCompile>
    <ClCompile Include="Private\GeometryGenerator.cpp">
      <Filter>Private\Framework</Filter>
    </ClCompile>
    <ClCompile Include="Private\LearnDirectX.cpp">
      <Filter>Private\Framework</Filter>
    </ClCompile>
    <ClCompile Include="Private\MathHelper.cpp">
      <Filter>Private\Framework</Filter>
    </ClCompile>
    <ClCompile Include="Private\LandAndWavesApp.cpp">
      <Filter>Private\Chapter7</Filter>
    </ClCompile>
    <ClCompile Include="Private\Waves.cpp">
      <Filter>Private\Chapter7</Filter>
    </ClCompile>
  </ItemGroup>
  <ItemGroup>
    <ClInclude Include="Public\FrameResource.h">
      <Filter>Public\Chapter7</Filter>
    </ClInclude>
    <ClInclude Include="Public\d3dApp.h">
      <Filter>Public\Framework</Filter>
    </ClInclude>
    <ClInclude Include="Public\d3dUtil.h">
      <Filter>Public\Framework</Filter>
    </ClInclude>
    <ClInclude Include="Public\d3dx12.h">
      <Filter>Public\Framework</Filter>
    </ClInclude>
    <ClInclude Include="Public\DDSTextureLoader.h">
      <Filter>Public\Framework</Filter>
    </ClInclude>
    <ClInclude Include="Public\GameTimer.h">
      <Filter>Public\Framework</Filter>
    </ClInclude>
    <ClInclude Include="Public\GeometryGenerator.h">
      <Filter>Public\Framework</Filter>
    </ClInclude>
    <ClInclude Include="Public\MathHelper.h">
      <Filter>Public\Framework</Filter>
    </ClInclude>
    <ClInclude Include="Public\UploadBuffer.h">
      <Filter>Public\Framework</Filter>
    </ClInclude>
    <ClInclude Include="Public\Waves.h">
      <Filter>Public\Chapter7</Filter>
    </ClInclude>
    <ClInclude Include="Public\ShapesApp.h">
      <Filter>Public\Chapter7</Filter>
    </ClInclude>
    <ClInclude Include="Public\BoxApp.h">
      <Filter>Public\Chapter6</Filter>
    </ClInclude>
    <ClInclude Include="Public\LandAndWavesApp.h">
      <Filter>Public\Chapter7</Filter>
    </ClInclude>
  </ItemGroup>
  <ItemGroup>
    <None Include="Shaders\Chapter6\color.hlsl">
      <Filter>Shaders\Chapter6</Filter>
    </None>
    <None Include="Shaders\Chapter7\color.hlsl">
      <Filter>Shaders\Chapter7</Filter>
    </None>
    <None Include="Notes\第4章 Direct3D的初始化.md">
      <Filter>Notes</Filter>
    </None>
    <None Include="Notes\第5章 渲染流水线.md">
      <Filter>Notes</Filter>
    </None>
    <None Include="Notes\第6章 利用Direct3D绘制几何体.md">
      <Filter>Notes</Filter>
    </None>
    <None Include="Notes\第7章 利用Direct3D绘制几何体(续).md">
      <Filter>Notes</Filter>
    </None>
  </ItemGroup>
</Project>