
Microsoft Visual Studio Solution File, Format Version 12.00
# Visual Studio 15
VisualStudioVersion = 15.0.28307.645
MinimumVisualStudioVersion = 10.0.40219.1
Project("{8BC9CEB8-8B4A-11D0-8D11-00A0C91BC942}") = "Init Direct3D", "Init Direct3D\Init Direct3D.vcxproj", "{63594323-44FE-4E2B-B91E-D4FE194D2708}"
EndProject
Project("{2150E333-8FDC-42A3-9474-1A3956D46DE8}") = "Notes", "Notes", "{8B2926E7-32BB-4AAD-9DE4-14CEEC4C476F}"
	ProjectSection(SolutionItems) = preProject
		..\..\Notes\第4章 Direct3D的初始化.md = ..\..\Notes\第4章 Direct3D的初始化.md
		..\..\Notes\第5章 渲染流水线.md = ..\..\Notes\第5章 渲染流水线.md
		..\..\Notes\第6章 利用Direct3D绘制几何体.md = ..\..\Notes\第6章 利用Direct3D绘制几何体.md
		..\..\Notes\第7章 利用Direct3D绘制几何体(续)-LandAndWaves.md = ..\..\Notes\第7章 利用Direct3D绘制几何体(续)-LandAndWaves.md
		..\..\Notes\第7章 利用Direct3D绘制几何体(续)-Shapes.md = ..\..\Notes\第7章 利用Direct3D绘制几何体(续)-Shapes.md
	EndProjectSection
EndProject
Project("{8BC9CEB8-8B4A-11D0-8D11-00A0C91BC942}") = "My Init Direct3D", "My Init Direct3D\My Init Direct3D.vcxproj", "{F30EF285-F144-4D9A-819C-CA4B6F4D103F}"
EndProject
Global
	GlobalSection(SolutionConfigurationPlatforms) = preSolution
		Debug|x64 = Debug|x64
		Debug|x86 = Debug|x86
		Release|x64 = Release|x64
		Release|x86 = Release|x86
	EndGlobalSection
	GlobalSection(ProjectConfigurationPlatforms) = postSolution
		{63594323-44FE-4E2B-B91E-D4FE194D2708}.Debug|x64.ActiveCfg = Debug|x64
		{63594323-44FE-4E2B-B91E-D4FE194D2708}.Debug|x64.Build.0 = Debug|x64
		{63594323-44FE-4E2B-B91E-D4FE194D2708}.Debug|x86.ActiveCfg = Debug|Win32
		{63594323-44FE-4E2B-B91E-D4FE194D2708}.Debug|x86.Build.0 = Debug|Win32
		{63594323-44FE-4E2B-B91E-D4FE194D2708}.Release|x64.ActiveCfg = Release|x64
		{63594323-44FE-4E2B-B91E-D4FE194D2708}.Release|x64.Build.0 = Release|x64
		{63594323-44FE-4E2B-B91E-D4FE194D2708}.Release|x86.ActiveCfg = Release|Win32
		{63594323-44FE-4E2B-B91E-D4FE194D2708}.Release|x86.Build.0 = Release|Win32
		{F30EF285-F144-4D9A-819C-CA4B6F4D103F}.Debug|x64.ActiveCfg = Debug|x64
		{F30EF285-F144-4D9A-819C-CA4B6F4D103F}.Debug|x64.Build.0 = Debug|x64
		{F30EF285-F144-4D9A-819C-CA4B6F4D103F}.Debug|x86.ActiveCfg = Debug|Win32
		{F30EF285-F144-4D9A-819C-CA4B6F4D103F}.Debug|x86.Build.0 = Debug|Win32
		{F30EF285-F144-4D9A-819C-CA4B6F4D103F}.Release|x64.ActiveCfg = Release|x64
		{F30EF285-F144-4D9A-819C-CA4B6F4D103F}.Release|x64.Build.0 = Release|x64
		{F30EF285-F144-4D9A-819C-CA4B6F4D103F}.Release|x86.ActiveCfg = Release|Win32
		{F30EF285-F144-4D9A-819C-CA4B6F4D103F}.Release|x86.Build.0 = Release|Win32
	EndGlobalSection
	GlobalSection(SolutionProperties) = preSolution
		HideSolutionNode = FALSE
	EndGlobalSection
	GlobalSection(ExtensibilityGlobals) = postSolution
		SolutionGuid = {9BE935C5-82B5-4705-A9EA-9D40FBE26924}
	EndGlobalSection
EndGlobal
