
Microsoft Visual Studio Solution File, Format Version 12.00
# Visual Studio 15
VisualStudioVersion = 15.0.28307.489
MinimumVisualStudioVersion = 10.0.40219.1
Project("{8BC9CEB8-8B4A-11D0-8D11-00A0C91BC942}") = "LitWaves", "LitWaves\LitWaves.vcxproj", "{EE88816E-6F8B-490A-8B52-CD0E9091B094}"
EndProject
Project("{2150E333-8FDC-42A3-9474-1A3956D46DE8}") = "Solution Items", "Solution Items", "{ABE9471A-0DE9-4884-B295-A190500AA803}"
	ProjectSection(SolutionItems) = preProject
		..\..\README.md = ..\..\README.md
	EndProjectSection
EndProject
Global
	GlobalSection(SolutionConfigurationPlatforms) = preSolution
		Debug|x64 = Debug|x64
		Debug|x86 = Debug|x86
		Release|x64 = Release|x64
		Release|x86 = Release|x86
	EndGlobalSection
	GlobalSection(ProjectConfigurationPlatforms) = postSolution
		{EE88816E-6F8B-490A-8B52-CD0E9091B094}.Debug|x64.ActiveCfg = Debug|x64
		{EE88816E-6F8B-490A-8B52-CD0E9091B094}.Debug|x64.Build.0 = Debug|x64
		{EE88816E-6F8B-490A-8B52-CD0E9091B094}.Debug|x86.ActiveCfg = Debug|Win32
		{EE88816E-6F8B-490A-8B52-CD0E9091B094}.Debug|x86.Build.0 = Debug|Win32
		{EE88816E-6F8B-490A-8B52-CD0E9091B094}.Release|x64.ActiveCfg = Release|x64
		{EE88816E-6F8B-490A-8B52-CD0E9091B094}.Release|x64.Build.0 = Release|x64
		{EE88816E-6F8B-490A-8B52-CD0E9091B094}.Release|x86.ActiveCfg = Release|Win32
		{EE88816E-6F8B-490A-8B52-CD0E9091B094}.Release|x86.Build.0 = Release|Win32
	EndGlobalSection
	GlobalSection(SolutionProperties) = preSolution
		HideSolutionNode = FALSE
	EndGlobalSection
	GlobalSection(ExtensibilityGlobals) = postSolution
		SolutionGuid = {65F074C3-971D-492A-9EDB-B32919FC8326}
	EndGlobalSection
EndGlobal
