
Microsoft Visual Studio Solution File, Format Version 12.00
# Visual Studio 15
VisualStudioVersion = 15.0.28307.489
MinimumVisualStudioVersion = 10.0.40219.1
Project("{8BC9CEB8-8B4A-11D0-8D11-00A0C91BC942}") = "StencilDemo", "StencilDemo\StencilDemo.vcxproj", "{5DC36CD8-E6AE-45DE-9F69-A0DEC6777DEF}"
EndProject
Project("{2150E333-8FDC-42A3-9474-1A3956D46DE8}") = "Solution Items", "Solution Items", "{2BCDB5AA-D206-4900-8D53-D804C2C22E1F}"
	ProjectSection(SolutionItems) = preProject
		..\..\README.md = ..\..\README.md
	EndProjectSection
EndProject
Project("{2150E333-8FDC-42A3-9474-1A3956D46DE8}") = "Notes", "Notes", "{21E1ACB2-8B0B-4F93-B29E-12E0299B8395}"
	ProjectSection(SolutionItems) = preProject
		..\..\Notes\第10章 混合.md = ..\..\Notes\第10章 混合.md
		..\..\Notes\第11章 模板.md = ..\..\Notes\第11章 模板.md
		..\..\Notes\第4章 Direct3D的初始化.md = ..\..\Notes\第4章 Direct3D的初始化.md
		..\..\Notes\第5章 渲染流水线.md = ..\..\Notes\第5章 渲染流水线.md
		..\..\Notes\第6章 利用Direct3D绘制几何体.md = ..\..\Notes\第6章 利用Direct3D绘制几何体.md
		..\..\Notes\第7章 利用Direct3D绘制几何体(续)-LandAndWaves.md = ..\..\Notes\第7章 利用Direct3D绘制几何体(续)-LandAndWaves.md
		..\..\Notes\第7章 利用Direct3D绘制几何体(续)-Shapes.md = ..\..\Notes\第7章 利用Direct3D绘制几何体(续)-Shapes.md
		..\..\Notes\第8章 光照.md = ..\..\Notes\第8章 光照.md
	EndProjectSection
EndProject
Project("{8BC9CEB8-8B4A-11D0-8D11-00A0C91BC942}") = "StencilDemoReview", "StencilDemoReview\StencilDemoReview.vcxproj", "{67580730-4283-4613-A79F-12BF9EB7E7F2}"
EndProject
Global
	GlobalSection(SolutionConfigurationPlatforms) = preSolution
		Debug|x64 = Debug|x64
		Debug|x86 = Debug|x86
		Release|x64 = Release|x64
		Release|x86 = Release|x86
	EndGlobalSection
	GlobalSection(ProjectConfigurationPlatforms) = postSolution
		{5DC36CD8-E6AE-45DE-9F69-A0DEC6777DEF}.Debug|x64.ActiveCfg = Debug|x64
		{5DC36CD8-E6AE-45DE-9F69-A0DEC6777DEF}.Debug|x64.Build.0 = Debug|x64
		{5DC36CD8-E6AE-45DE-9F69-A0DEC6777DEF}.Debug|x86.ActiveCfg = Debug|Win32
		{5DC36CD8-E6AE-45DE-9F69-A0DEC6777DEF}.Debug|x86.Build.0 = Debug|Win32
		{5DC36CD8-E6AE-45DE-9F69-A0DEC6777DEF}.Release|x64.ActiveCfg = Release|x64
		{5DC36CD8-E6AE-45DE-9F69-A0DEC6777DEF}.Release|x64.Build.0 = Release|x64
		{5DC36CD8-E6AE-45DE-9F69-A0DEC6777DEF}.Release|x86.ActiveCfg = Release|Win32
		{5DC36CD8-E6AE-45DE-9F69-A0DEC6777DEF}.Release|x86.Build.0 = Release|Win32
		{67580730-4283-4613-A79F-12BF9EB7E7F2}.Debug|x64.ActiveCfg = Debug|x64
		{67580730-4283-4613-A79F-12BF9EB7E7F2}.Debug|x64.Build.0 = Debug|x64
		{67580730-4283-4613-A79F-12BF9EB7E7F2}.Debug|x86.ActiveCfg = Debug|Win32
		{67580730-4283-4613-A79F-12BF9EB7E7F2}.Debug|x86.Build.0 = Debug|Win32
		{67580730-4283-4613-A79F-12BF9EB7E7F2}.Release|x64.ActiveCfg = Release|x64
		{67580730-4283-4613-A79F-12BF9EB7E7F2}.Release|x64.Build.0 = Release|x64
		{67580730-4283-4613-A79F-12BF9EB7E7F2}.Release|x86.ActiveCfg = Release|Win32
		{67580730-4283-4613-A79F-12BF9EB7E7F2}.Release|x86.Build.0 = Release|Win32
	EndGlobalSection
	GlobalSection(SolutionProperties) = preSolution
		HideSolutionNode = FALSE
	EndGlobalSection
	GlobalSection(ExtensibilityGlobals) = postSolution
		SolutionGuid = {4A495EE4-56F5-446C-99FA-E5DD8249EB20}
	EndGlobalSection
EndGlobal
