<?xml version="1.0" encoding="utf-8"?>
<Project ToolsVersion="4.0" xmlns="http://schemas.microsoft.com/developer/msbuild/2003">
  <ItemGroup>
    <Filter Include="Source Files">
      <UniqueIdentifier>{4FC737F1-C7A5-4376-A066-2A32D752A2FF}</UniqueIdentifier>
      <Extensions>cpp;c;cc;cxx;def;odl;idl;hpj;bat;asm;asmx</Extensions>
    </Filter>
    <Filter Include="Header Files">
      <UniqueIdentifier>{93995380-89BD-4b04-88EB-625FBE52EBFB}</UniqueIdentifier>
      <Extensions>h;hh;hpp;hxx;hm;inl;inc;ipp;xsd</Extensions>
    </Filter>
    <Filter Include="Resource Files">
      <UniqueIdentifier>{67DA6AB6-F800-4c08-8B7A-83BB121AAD01}</UniqueIdentifier>
      <Extensions>rc;ico;cur;bmp;dlg;rc2;rct;bin;rgs;gif;jpg;jpeg;jpe;resx;tiff;tif;png;wav;mfcribbon-ms</Extensions>
    </Filter>
    <Filter Include="Header Files\Framework">
      <UniqueIdentifier>{b226aa7a-26fc-4d32-b2d5-aef9a7ecbf0b}</UniqueIdentifier>
    </Filter>
    <Filter Include="Source Files\Framework">
      <UniqueIdentifier>{d23c7c09-93e9-4243-86e2-447a0a175ac0}</UniqueIdentifier>
    </Filter>
    <Filter Include="Shaders">
      <UniqueIdentifier>{38fadcd2-4324-4f55-86e8-8f929e8109a8}</UniqueIdentifier>
    </Filter>
    <Filter Include="Textures">
      <UniqueIdentifier>{ff076ab7-6e4f-4f21-81d3-737f111b1e69}</UniqueIdentifier>
    </Filter>
  </ItemGroup>
  <ItemGroup>
    <ClCompile Include="..\..\..\Common\d3dApp.cpp">
      <Filter>Source Files\Framework</Filter>
    </ClCompile>
    <ClCompile Include="..\..\..\Common\d3dUtil.cpp">
      <Filter>Source Files\Framework</Filter>
    </ClCompile>
    <ClCompile Include="..\..\..\Common\DDSTextureLoader.cpp">
      <Filter>Source Files\Framework</Filter>
    </ClCompile>
    <ClCompile Include="..\..\..\Common\GameTimer.cpp">
      <Filter>Source Files\Framework</Filter>
    </ClCompile>
    <ClCompile Include="..\..\..\Common\GeometryGenerator.cpp">
      <Filter>Source Files\Framework</Filter>
    </ClCompile>
    <ClCompile Include="..\..\..\Common\MathHelper.cpp">
      <Filter>Source Files\Framework</Filter>
    </ClCompile>
    <ClCompile Include="FrameResource.cpp">
      <Filter>Source Files</Filter>
    </ClCompile>
    <ClCompile Include="TexColumnsApp.cpp">
      <Filter>Source Files</Filter>
    </ClCompile>
  </ItemGroup>
  <ItemGroup>
    <ClInclude Include="..\..\..\Common\d3dApp.h">
      <Filter>Header Files\Framework</Filter>
    </ClInclude>
    <ClInclude Include="..\..\..\Common\d3dUtil.h">
      <Filter>Header Files\Framework</Filter>
    </ClInclude>
    <ClInclude Include="..\..\..\Common\d3dx12.h">
      <Filter>Header Files\Framework</Filter>
    </ClInclude>
    <ClInclude Include="..\..\..\Common\DDSTextureLoader.h">
      <Filter>Header Files\Framework</Filter>
    </ClInclude>
    <ClInclude Include="..\..\..\Common\GameTimer.h">
      <Filter>Header Files\Framework</Filter>
    </ClInclude>
    <ClInclude Include="..\..\..\Common\GeometryGenerator.h">
      <Filter>Header Files\Framework</Filter>
    </ClInclude>
    <ClInclude Include="..\..\..\Common\MathHelper.h">
      <Filter>Header Files\Framework</Filter>
    </ClInclude>
    <ClInclude Include="..\..\..\Common\UploadBuffer.h">
      <Filter>Header Files\Framework</Filter>
    </ClInclude>
    <ClInclude Include="FrameResource.h">
      <Filter>Header Files</Filter>
    </ClInclude>
    <ClInclude Include="TexColumnsApp.h">
      <Filter>Header Files</Filter>
    </ClInclude>
  </ItemGroup>
  <ItemGroup>
    <None Include="Shaders\Default.hlsl">
      <Filter>Shaders</Filter>
    </None>
    <None Include="Shaders\LightingUtil.hlsl">
      <Filter>Shaders</Filter>
    </None>
  </ItemGroup>
  <ItemGroup>
    <Image Include="..\..\..\Textures\bricks.dds">
      <Filter>Textures</Filter>
    </Image>
    <Image Include="..\..\..\Textures\stone.dds">
      <Filter>Textures</Filter>
    </Image>
    <Image Include="..\..\..\Textures\tile.dds">
      <Filter>Textures</Filter>
    </Image>
  </ItemGroup>
</Project>