
Microsoft Visual Studio Solution File, Format Version 12.00
# Visual Studio 15
VisualStudioVersion = 15.0.28307.645
MinimumVisualStudioVersion = 10.0.40219.1
Project("{8BC9CEB8-8B4A-11D0-8D11-00A0C91BC942}") = "Crate", "Crate\Crate.vcxproj", "{92B79984-B5E3-4E96-9698-E5AEBA56F608}"
EndProject
Project("{8BC9CEB8-8B4A-11D0-8D11-00A0C91BC942}") = "CrateReview", "CrateReview\CrateReview.vcxproj", "{F52CBD3B-0CE7-48ED-A0FF-F62E33CD3D3D}"
EndProject
Project("{2150E333-8FDC-42A3-9474-1A3956D46DE8}") = "Solution Items", "Solution Items", "{0A19CFD5-FD45-421B-9F65-3BCC4CEC5F31}"
	ProjectSection(SolutionItems) = preProject
		..\..\README.md = ..\..\README.md
	EndProjectSection
EndProject
Global
	GlobalSection(SolutionConfigurationPlatforms) = preSolution
		Debug|x64 = Debug|x64
		Debug|x86 = Debug|x86
		Release|x64 = Release|x64
		Release|x86 = Release|x86
	EndGlobalSection
	GlobalSection(ProjectConfigurationPlatforms) = postSolution
		{92B79984-B5E3-4E96-9698-E5AEBA56F608}.Debug|x64.ActiveCfg = Debug|x64
		{92B79984-B5E3-4E96-9698-E5AEBA56F608}.Debug|x64.Build.0 = Debug|x64
		{92B79984-B5E3-4E96-9698-E5AEBA56F608}.Debug|x86.ActiveCfg = Debug|Win32
		{92B79984-B5E3-4E96-9698-E5AEBA56F608}.Debug|x86.Build.0 = Debug|Win32
		{92B79984-B5E3-4E96-9698-E5AEBA56F608}.Release|x64.ActiveCfg = Release|x64
		{92B79984-B5E3-4E96-9698-E5AEBA56F608}.Release|x64.Build.0 = Release|x64
		{92B79984-B5E3-4E96-9698-E5AEBA56F608}.Release|x86.ActiveCfg = Release|Win32
		{92B79984-B5E3-4E96-9698-E5AEBA56F608}.Release|x86.Build.0 = Release|Win32
		{F52CBD3B-0CE7-48ED-A0FF-F62E33CD3D3D}.Debug|x64.ActiveCfg = Debug|x64
		{F52CBD3B-0CE7-48ED-A0FF-F62E33CD3D3D}.Debug|x64.Build.0 = Debug|x64
		{F52CBD3B-0CE7-48ED-A0FF-F62E33CD3D3D}.Debug|x86.ActiveCfg = Debug|Win32
		{F52CBD3B-0CE7-48ED-A0FF-F62E33CD3D3D}.Debug|x86.Build.0 = Debug|Win32
		{F52CBD3B-0CE7-48ED-A0FF-F62E33CD3D3D}.Release|x64.ActiveCfg = Release|x64
		{F52CBD3B-0CE7-48ED-A0FF-F62E33CD3D3D}.Release|x64.Build.0 = Release|x64
		{F52CBD3B-0CE7-48ED-A0FF-F62E33CD3D3D}.Release|x86.ActiveCfg = Release|Win32
		{F52CBD3B-0CE7-48ED-A0FF-F62E33CD3D3D}.Release|x86.Build.0 = Release|Win32
	EndGlobalSection
	GlobalSection(SolutionProperties) = preSolution
		HideSolutionNode = FALSE
	EndGlobalSection
	GlobalSection(ExtensibilityGlobals) = postSolution
		SolutionGuid = {58FFE07D-E9B7-4578-B269-3F885B789630}
	EndGlobalSection
EndGlobal
