
Microsoft Visual Studio Solution File, Format Version 12.00
# Visual Studio 15
VisualStudioVersion = 15.0.28307.645
MinimumVisualStudioVersion = 10.0.40219.1
Project("{8BC9CEB8-8B4A-11D0-8D11-00A0C91BC942}") = "BasicTessellation", "BasicTessellation\BasicTessellation.vcxproj", "{E3B65BFF-9F36-403E-8D36-FA5D4B9F217A}"
EndProject
Global
	GlobalSection(SolutionConfigurationPlatforms) = preSolution
		Debug|x64 = Debug|x64
		Debug|x86 = Debug|x86
		Release|x64 = Release|x64
		Release|x86 = Release|x86
	EndGlobalSection
	GlobalSection(ProjectConfigurationPlatforms) = postSolution
		{E3B65BFF-9F36-403E-8D36-FA5D4B9F217A}.Debug|x64.ActiveCfg = Debug|x64
		{E3B65BFF-9F36-403E-8D36-FA5D4B9F217A}.Debug|x64.Build.0 = Debug|x64
		{E3B65BFF-9F36-403E-8D36-FA5D4B9F217A}.Debug|x86.ActiveCfg = Debug|Win32
		{E3B65BFF-9F36-403E-8D36-FA5D4B9F217A}.Debug|x86.Build.0 = Debug|Win32
		{E3B65BFF-9F36-403E-8D36-FA5D4B9F217A}.Release|x64.ActiveCfg = Release|x64
		{E3B65BFF-9F36-403E-8D36-FA5D4B9F217A}.Release|x64.Build.0 = Release|x64
		{E3B65BFF-9F36-403E-8D36-FA5D4B9F217A}.Release|x86.ActiveCfg = Release|Win32
		{E3B65BFF-9F36-403E-8D36-FA5D4B9F217A}.Release|x86.Build.0 = Release|Win32
	EndGlobalSection
	GlobalSection(SolutionProperties) = preSolution
		HideSolutionNode = FALSE
	EndGlobalSection
	GlobalSection(ExtensibilityGlobals) = postSolution
		SolutionGuid = {81A4A73F-DE3B-4BF8-AF19-A01D13C1620E}
	EndGlobalSection
EndGlobal
